
Microsoft Visual Studio Solution File, Format Version 12.00
# Visual Studio Version 17
VisualStudioVersion = 17.11.35312.102
MinimumVisualStudioVersion = 10.0.40219.1
Project("{FAE04EC0-301F-11D3-BF4B-00C04F79EFBC}") = "Wypozyczalnia samochodow", "Wypozyczalnia samochodow\Wypozyczalnia samochodow.csproj", "{FEF0A4AC-5905-45D5-9856-F611305E9FA1}"
EndProject
Global
	GlobalSection(SolutionConfigurationPlatforms) = preSolution
		Debug|Any CPU = Debug|Any CPU
		Release|Any CPU = Release|Any CPU
	EndGlobalSection
	GlobalSection(ProjectConfigurationPlatforms) = postSolution
		{FEF0A4AC-5905-45D5-9856-F611305E9FA1}.Debug|Any CPU.ActiveCfg = Debug|Any CPU
		{FEF0A4AC-5905-45D5-9856-F611305E9FA1}.Debug|Any CPU.Build.0 = Debug|Any CPU
		{FEF0A4AC-5905-45D5-9856-F611305E9FA1}.Release|Any CPU.ActiveCfg = Release|Any CPU
		{FEF0A4AC-5905-45D5-9856-F611305E9FA1}.Release|Any CPU.Build.0 = Release|Any CPU
	EndGlobalSection
	GlobalSection(SolutionProperties) = preSolution
		HideSolutionNode = FALSE
	EndGlobalSection
	GlobalSection(ExtensibilityGlobals) = postSolution
		SolutionGuid = {C24E8F64-8FD0-430C-A8BB-6EFB809C2F7F}
	EndGlobalSection
EndGlobal
